{
  "name": "steg",
  "version": "0.0.0",
  "lockfileVersion": 1,
  "requires": true,
  "dependencies": {
    "ppm": {
      "version": "http://zdu.binghamton.edu/cs580w/lib/ppm.tar.gz",
      "integrity": "sha512-I3gJcOAIbH3UKuPENSm+V3+5dRp6jSb1VA/V1VvinO0HURM7+B7PLe8Ui8A2ezsxtuESB5pCA5xaSot8nfq2PA=="
    }
  }
}
